
Microsoft Visual Studio Solution File, Format Version 12.00
# Visual Studio Version 17
VisualStudioVersion = 17.7.34024.191
MinimumVisualStudioVersion = 10.0.40219.1
Project("{FAE04EC0-301F-11D3-BF4B-00C04F79EFBC}") = "StudentDatabaseLab", "StudentDatabaseLab.csproj", "{E3828151-391B-4AB9-A74F-20BB77FC9D28}"
EndProject
Global
	GlobalSection(SolutionConfigurationPlatforms) = preSolution
		Debug|Any CPU = Debug|Any CPU
		Release|Any CPU = Release|Any CPU
	EndGlobalSection
	GlobalSection(ProjectConfigurationPlatforms) = postSolution
		{E3828151-391B-4AB9-A74F-20BB77FC9D28}.Debug|Any CPU.ActiveCfg = Debug|Any CPU
		{E3828151-391B-4AB9-A74F-20BB77FC9D28}.Debug|Any CPU.Build.0 = Debug|Any CPU
		{E3828151-391B-4AB9-A74F-20BB77FC9D28}.Release|Any CPU.ActiveCfg = Release|Any CPU
		{E3828151-391B-4AB9-A74F-20BB77FC9D28}.Release|Any CPU.Build.0 = Release|Any CPU
	EndGlobalSection
	GlobalSection(SolutionProperties) = preSolution
		HideSolutionNode = FALSE
	EndGlobalSection
	GlobalSection(ExtensibilityGlobals) = postSolution
		SolutionGuid = {B41C7A57-E034-48A9-8653-1C8FBB5E60F3}
	EndGlobalSection
EndGlobal
